github.com/guiyuanju/lcutils v0.0.1 h1:mdD8MQAtCYLJqJaxW7pGMebvzpWRvO80KZmvGM1WWF8=
github.com/guiyuanju/lcutils v0.0.1/go.mod h1:FZyoAEwIWThqTGqN84H4ajqfeusEcbIN+IY5S+iJCdc=
github.com/guiyuanju/lcutils v0.0.2 h1:rPuogxS4rLgQIEk6j8W7uivV1pvF8jbjr1wuSfEXrqI=
github.com/guiyuanju/lcutils v0.0.2/go.mod h1:FZyoAEwIWThqTGqN84H4ajqfeusEcbIN+IY5S+iJCdc=
