github.com/guiyuanju/lcutils v0.0.0-20250716104048-e8d9d6bed613 h1:stLUOMlGvE82B4lGM3aIbNZsky9UGpamwrvLNBlq/Xs=
github.com/guiyuanju/lcutils v0.0.0-20250716104048-e8d9d6bed613/go.mod h1:FZyoAEwIWThqTGqN84H4ajqfeusEcbIN+IY5S+iJCdc=
github.com/guiyuanju/lcutils v0.0.1 h1:mdD8MQAtCYLJqJaxW7pGMebvzpWRvO80KZmvGM1WWF8=
github.com/guiyuanju/lcutils v0.0.1/go.mod h1:FZyoAEwIWThqTGqN84H4ajqfeusEcbIN+IY5S+iJCdc=
